{
  "name": "go4champ-frontend",
  "lockfileVersion": 3,
  "requires": true,
  "packages": {
    "": {
      "dependencies": {
        "jwt-decoder": "^0.0.0"
      },
      "devDependencies": {
        "@types/jwt-decode": "^2.2.1"
      }
    },
    "node_modules/@types/jwt-decode": {
      "version": "2.2.1",
      "resolved": "https://registry.npmjs.org/@types/jwt-decode/-/jwt-decode-2.2.1.tgz",
      "integrity": "sha512-aWw2YTtAdT7CskFyxEX2K21/zSDStuf/ikI3yBqmwpwJF0pS+/IX5DWv+1UFffZIbruP6cnT9/LAJV1gFwAT1A==",
      "dev": true,
      "license": "MIT"
    },
    "node_modules/green-jwt": {
      "version": "0.0.8-alpha",
      "resolved": "https://registry.npmjs.org/green-jwt/-/green-jwt-0.0.8-alpha.tgz",
      "integrity": "sha512-d6/AbWDaIOlRBgkN2Dc8SgozOMkKRr7676SEddn8CijGwmzcfDcZmSAn4gS+Kjm+xPsEE14XkYDCIl8ghSZu8w==",
      "engines": {
        "node": ">=0.8"
      }
    },
    "node_modules/jwt-decoder": {
      "version": "0.0.0",
      "resolved": "https://registry.npmjs.org/jwt-decoder/-/jwt-decoder-0.0.0.tgz",
      "integrity": "sha512-LP6MurVH5ZzynAMEAx7tmvXBWyWSq8TK9NAbfzpqcBfn2bW3FIs8HpxcUwKpbmrPIlRVOXjYa7yI2mDvx/uY9A==",
      "license": "Beerware",
      "dependencies": {
        "green-jwt": "0.0.8-alpha"
      },
      "bin": {
        "jwt-decoder": "bin/index.js"
      }
    }
  }
}
